
Microsoft Visual Studio Solution File, Format Version 12.00
# Visual Studio Version 17
VisualStudioVersion = 17.5.2.0
MinimumVisualStudioVersion = 10.0.40219.1
Project("{FAE04EC0-301F-11D3-BF4B-00C04F79EFBC}") = "hw", "hw.csproj", "{5D513EA9-A403-FF08-D283-9B6EF0AC42A8}"
EndProject
Project("{2150E333-8FDC-42A3-9474-1A3956D46DE8}") = "tests", "tests", "{0AB3BF05-4346-4AA6-1389-037BE0695223}"
EndProject
Project("{FAE04EC0-301F-11D3-BF4B-00C04F79EFBC}") = "hw.Tests", "tests\hw.Tests\hw.Tests.csproj", "{BA728E8A-16B9-4BF7-9F1E-0CC203D3C01B}"
EndProject
Global
	GlobalSection(SolutionConfigurationPlatforms) = preSolution
		Debug|Any CPU = Debug|Any CPU
		Debug|x64 = Debug|x64
		Debug|x86 = Debug|x86
		Release|Any CPU = Release|Any CPU
		Release|x64 = Release|x64
		Release|x86 = Release|x86
	EndGlobalSection
	GlobalSection(ProjectConfigurationPlatforms) = postSolution
		{5D513EA9-A403-FF08-D283-9B6EF0AC42A8}.Debug|Any CPU.ActiveCfg = Debug|Any CPU
		{5D513EA9-A403-FF08-D283-9B6EF0AC42A8}.Debug|Any CPU.Build.0 = Debug|Any CPU
		{5D513EA9-A403-FF08-D283-9B6EF0AC42A8}.Debug|x64.ActiveCfg = Debug|Any CPU
		{5D513EA9-A403-FF08-D283-9B6EF0AC42A8}.Debug|x64.Build.0 = Debug|Any CPU
		{5D513EA9-A403-FF08-D283-9B6EF0AC42A8}.Debug|x86.ActiveCfg = Debug|Any CPU
		{5D513EA9-A403-FF08-D283-9B6EF0AC42A8}.Debug|x86.Build.0 = Debug|Any CPU
		{5D513EA9-A403-FF08-D283-9B6EF0AC42A8}.Release|Any CPU.ActiveCfg = Release|Any CPU
		{5D513EA9-A403-FF08-D283-9B6EF0AC42A8}.Release|Any CPU.Build.0 = Release|Any CPU
		{5D513EA9-A403-FF08-D283-9B6EF0AC42A8}.Release|x64.ActiveCfg = Release|Any CPU
		{5D513EA9-A403-FF08-D283-9B6EF0AC42A8}.Release|x64.Build.0 = Release|Any CPU
		{5D513EA9-A403-FF08-D283-9B6EF0AC42A8}.Release|x86.ActiveCfg = Release|Any CPU
		{5D513EA9-A403-FF08-D283-9B6EF0AC42A8}.Release|x86.Build.0 = Release|Any CPU
		{BA728E8A-16B9-4BF7-9F1E-0CC203D3C01B}.Debug|Any CPU.ActiveCfg = Debug|Any CPU
		{BA728E8A-16B9-4BF7-9F1E-0CC203D3C01B}.Debug|Any CPU.Build.0 = Debug|Any CPU
		{BA728E8A-16B9-4BF7-9F1E-0CC203D3C01B}.Debug|x64.ActiveCfg = Debug|Any CPU
		{BA728E8A-16B9-4BF7-9F1E-0CC203D3C01B}.Debug|x64.Build.0 = Debug|Any CPU
		{BA728E8A-16B9-4BF7-9F1E-0CC203D3C01B}.Debug|x86.ActiveCfg = Debug|Any CPU
		{BA728E8A-16B9-4BF7-9F1E-0CC203D3C01B}.Debug|x86.Build.0 = Debug|Any CPU
		{BA728E8A-16B9-4BF7-9F1E-0CC203D3C01B}.Release|Any CPU.ActiveCfg = Release|Any CPU
		{BA728E8A-16B9-4BF7-9F1E-0CC203D3C01B}.Release|Any CPU.Build.0 = Release|Any CPU
		{BA728E8A-16B9-4BF7-9F1E-0CC203D3C01B}.Release|x64.ActiveCfg = Release|Any CPU
		{BA728E8A-16B9-4BF7-9F1E-0CC203D3C01B}.Release|x64.Build.0 = Release|Any CPU
		{BA728E8A-16B9-4BF7-9F1E-0CC203D3C01B}.Release|x86.ActiveCfg = Release|Any CPU
		{BA728E8A-16B9-4BF7-9F1E-0CC203D3C01B}.Release|x86.Build.0 = Release|Any CPU
	EndGlobalSection
	GlobalSection(SolutionProperties) = preSolution
		HideSolutionNode = FALSE
	EndGlobalSection
	GlobalSection(NestedProjects) = preSolution
		{BA728E8A-16B9-4BF7-9F1E-0CC203D3C01B} = {0AB3BF05-4346-4AA6-1389-037BE0695223}
	EndGlobalSection
	GlobalSection(ExtensibilityGlobals) = postSolution
		SolutionGuid = {78F0724B-6631-419A-84E9-7D7A8FB5420F}
	EndGlobalSection
EndGlobal
